// !$*UTF8*$!
{
	archiveVersion = 1;
	classes = {
	};
	objectVersion = 55;
	objects = {

/* Begin PBXBuildFile section */
		86C1691D284E650900A96058 /* WeatherView.swift in Sources */ = {isa = PBXBuildFile; fileRef = 86C1691C284E650900A96058 /* WeatherView.swift */; };
		86C1692A2850E2FF00A96058 /* WorkOutTableView.swift in Sources */ = {isa = PBXBuildFile; fileRef = 86C169292850E2FF00A96058 /* WorkOutTableView.swift */; };
		86C1692C2850F05A00A96058 /* WorkoutTableViewCell.swift in Sources */ = {isa = PBXBuildFile; fileRef = 86C1692B2850F05A00A96058 /* WorkoutTableViewCell.swift */; };
		86C1692E2850F25B00A96058 /* Roboto-Thin.ttf in Resources */ = {isa = PBXBuildFile; fileRef = 86C1692D2850F25B00A96058 /* Roboto-Thin.ttf */; };
		86C169302850F27400A96058 /* Roboto-ThinItalic.ttf in Resources */ = {isa = PBXBuildFile; fileRef = 86C1692F2850F27400A96058 /* Roboto-ThinItalic.ttf */; };
		86EEBE3A284633C5009CD057 /* AppDelegate.swift in Sources */ = {isa = PBXBuildFile; fileRef = 86EEBE39284633C5009CD057 /* AppDelegate.swift */; };
		86EEBE3C284633C5009CD057 /* SceneDelegate.swift in Sources */ = {isa = PBXBuildFile; fileRef = 86EEBE3B284633C5009CD057 /* SceneDelegate.swift */; };
		86EEBE3E284633C5009CD057 /* MainViewController.swift in Sources */ = {isa = PBXBuildFile; fileRef = 86EEBE3D284633C5009CD057 /* MainViewController.swift */; };
		86EEBE43284633C6009CD057 /* Assets.xcassets in Resources */ = {isa = PBXBuildFile; fileRef = 86EEBE42284633C6009CD057 /* Assets.xcassets */; };
		86EEBE46284633C6009CD057 /* LaunchScreen.storyboard in Resources */ = {isa = PBXBuildFile; fileRef = 86EEBE44284633C6009CD057 /* LaunchScreen.storyboard */; };
		86EEBE5528464B28009CD057 /* UIFont+Extensions.swift in Sources */ = {isa = PBXBuildFile; fileRef = 86EEBE5428464B28009CD057 /* UIFont+Extensions.swift */; };
		86EEBE5728464B98009CD057 /* UIColor+Extensions.swift in Sources */ = {isa = PBXBuildFile; fileRef = 86EEBE5628464B98009CD057 /* UIColor+Extensions.swift */; };
		86EEBE5928464CF7009CD057 /* UIView+Extensions.swift in Sources */ = {isa = PBXBuildFile; fileRef = 86EEBE5828464CF7009CD057 /* UIView+Extensions.swift */; };
		86EEBE5B28464E22009CD057 /* UIStackView+Extensions.swift in Sources */ = {isa = PBXBuildFile; fileRef = 86EEBE5A28464E22009CD057 /* UIStackView+Extensions.swift */; };
		86EEBE5F28465AF1009CD057 /* Roboto-Medium.ttf in Resources */ = {isa = PBXBuildFile; fileRef = 86EEBE5D28465AF1009CD057 /* Roboto-Medium.ttf */; };
		86EEBE6028465AF1009CD057 /* Roboto-Bold.ttf in Resources */ = {isa = PBXBuildFile; fileRef = 86EEBE5E28465AF1009CD057 /* Roboto-Bold.ttf */; };
		86EEBE632846ACBF009CD057 /* CalendarView.swift in Sources */ = {isa = PBXBuildFile; fileRef = 86EEBE622846ACBF009CD057 /* CalendarView.swift */; };
		86EEBE652846C213009CD057 /* CalendarCollectionViewCell.swift in Sources */ = {isa = PBXBuildFile; fileRef = 86EEBE642846C213009CD057 /* CalendarCollectionViewCell.swift */; };
/* End PBXBuildFile section */

/* Begin PBXFileReference section */
		86C1691C284E650900A96058 /* WeatherView.swift */ = {isa = PBXFileReference; lastKnownFileType = sourcecode.swift; path = WeatherView.swift; sourceTree = "<group>"; };
		86C169292850E2FF00A96058 /* WorkOutTableView.swift */ = {isa = PBXFileReference; lastKnownFileType = sourcecode.swift; path = WorkOutTableView.swift; sourceTree = "<group>"; };
		86C1692B2850F05A00A96058 /* WorkoutTableViewCell.swift */ = {isa = PBXFileReference; lastKnownFileType = sourcecode.swift; path = WorkoutTableViewCell.swift; sourceTree = "<group>"; };
		86C1692D2850F25B00A96058 /* Roboto-Thin.ttf */ = {isa = PBXFileReference; lastKnownFileType = file; path = "Roboto-Thin.ttf"; sourceTree = "<group>"; };
		86C1692F2850F27400A96058 /* Roboto-ThinItalic.ttf */ = {isa = PBXFileReference; lastKnownFileType = file; path = "Roboto-ThinItalic.ttf"; sourceTree = "<group>"; };
		86EEBE36284633C5009CD057 /* fitnessApp.app */ = {isa = PBXFileReference; explicitFileType = wrapper.application; includeInIndex = 0; path = fitnessApp.app; sourceTree = BUILT_PRODUCTS_DIR; };
		86EEBE39284633C5009CD057 /* AppDelegate.swift */ = {isa = PBXFileReference; lastKnownFileType = sourcecode.swift; path = AppDelegate.swift; sourceTree = "<group>"; };
		86EEBE3B284633C5009CD057 /* SceneDelegate.swift */ = {isa = PBXFileReference; lastKnownFileType = sourcecode.swift; path = SceneDelegate.swift; sourceTree = "<group>"; };
		86EEBE3D284633C5009CD057 /* MainViewController.swift */ = {isa = PBXFileReference; lastKnownFileType = sourcecode.swift; path = MainViewController.swift; sourceTree = "<group>"; };
		86EEBE42284633C6009CD057 /* Assets.xcassets */ = {isa = PBXFileReference; lastKnownFileType = folder.assetcatalog; path = Assets.xcassets; sourceTree = "<group>"; };
		86EEBE45284633C6009CD057 /* Base */ = {isa = PBXFileReference; lastKnownFileType = file.storyboard; name = Base; path = Base.lproj/LaunchScreen.storyboard; sourceTree = "<group>"; };
		86EEBE47284633C6009CD057 /* Info.plist */ = {isa = PBXFileReference; lastKnownFileType = text.plist.xml; path = Info.plist; sourceTree = "<group>"; };
		86EEBE5428464B28009CD057 /* UIFont+Extensions.swift */ = {isa = PBXFileReference; lastKnownFileType = sourcecode.swift; path = "UIFont+Extensions.swift"; sourceTree = "<group>"; };
		86EEBE5628464B98009CD057 /* UIColor+Extensions.swift */ = {isa = PBXFileReference; lastKnownFileType = sourcecode.swift; path = "UIColor+Extensions.swift"; sourceTree = "<group>"; };
		86EEBE5828464CF7009CD057 /* UIView+Extensions.swift */ = {isa = PBXFileReference; lastKnownFileType = sourcecode.swift; path = "UIView+Extensions.swift"; sourceTree = "<group>"; };
		86EEBE5A28464E22009CD057 /* UIStackView+Extensions.swift */ = {isa = PBXFileReference; lastKnownFileType = sourcecode.swift; path = "UIStackView+Extensions.swift"; sourceTree = "<group>"; };
		86EEBE5D28465AF1009CD057 /* Roboto-Medium.ttf */ = {isa = PBXFileReference; lastKnownFileType = file; path = "Roboto-Medium.ttf"; sourceTree = "<group>"; };
		86EEBE5E28465AF1009CD057 /* Roboto-Bold.ttf */ = {isa = PBXFileReference; lastKnownFileType = file; path = "Roboto-Bold.ttf"; sourceTree = "<group>"; };
		86EEBE622846ACBF009CD057 /* CalendarView.swift */ = {isa = PBXFileReference; lastKnownFileType = sourcecode.swift; path = CalendarView.swift; sourceTree = "<group>"; };
		86EEBE642846C213009CD057 /* CalendarCollectionViewCell.swift */ = {isa = PBXFileReference; lastKnownFileType = sourcecode.swift; path = CalendarCollectionViewCell.swift; sourceTree = "<group>"; };
/* End PBXFileReference section */

/* Begin PBXFrameworksBuildPhase section */
		86EEBE33284633C5009CD057 /* Frameworks */ = {
			isa = PBXFrameworksBuildPhase;
			buildActionMask = 2147483647;
			files = (
			);
			runOnlyForDeploymentPostprocessing = 0;
		};
/* End PBXFrameworksBuildPhase section */

/* Begin PBXGroup section */
		86EEBE2D284633C5009CD057 = {
			isa = PBXGroup;
			children = (
				86EEBE38284633C5009CD057 /* fitnessApp */,
				86EEBE37284633C5009CD057 /* Products */,
			);
			sourceTree = "<group>";
		};
		86EEBE37284633C5009CD057 /* Products */ = {
			isa = PBXGroup;
			children = (
				86EEBE36284633C5009CD057 /* fitnessApp.app */,
			);
			name = Products;
			sourceTree = "<group>";
		};
		86EEBE38284633C5009CD057 /* fitnessApp */ = {
			isa = PBXGroup;
			children = (
				86EEBE4D28464983009CD057 /* Aplications */,
				86EEBE4E2846499B009CD057 /* Models */,
				86EEBE4F284649A1009CD057 /* Views */,
				86EEBE50284649A9009CD057 /* Controllers */,
				86EEBE51284649FF009CD057 /* Extensions */,
				86EEBE5328464A2A009CD057 /* Resourses */,
			);
			path = fitnessApp;
			sourceTree = "<group>";
		};
		86EEBE4D28464983009CD057 /* Aplications */ = {
			isa = PBXGroup;
			children = (
				86EEBE39284633C5009CD057 /* AppDelegate.swift */,
				86EEBE3B284633C5009CD057 /* SceneDelegate.swift */,
			);
			path = Aplications;
			sourceTree = "<group>";
		};
		86EEBE4E2846499B009CD057 /* Models */ = {
			isa = PBXGroup;
			children = (
			);
			path = Models;
			sourceTree = "<group>";
		};
		86EEBE4F284649A1009CD057 /* Views */ = {
			isa = PBXGroup;
			children = (
				86EEBE612846ACAC009CD057 /* MainVC */,
			);
			path = Views;
			sourceTree = "<group>";
		};
		86EEBE50284649A9009CD057 /* Controllers */ = {
			isa = PBXGroup;
			children = (
				86EEBE3D284633C5009CD057 /* MainViewController.swift */,
			);
			path = Controllers;
			sourceTree = "<group>";
		};
		86EEBE51284649FF009CD057 /* Extensions */ = {
			isa = PBXGroup;
			children = (
				86EEBE5228464A12009CD057 /* UIKit */,
			);
			path = Extensions;
			sourceTree = "<group>";
		};
		86EEBE5228464A12009CD057 /* UIKit */ = {
			isa = PBXGroup;
			children = (
				86EEBE5428464B28009CD057 /* UIFont+Extensions.swift */,
				86EEBE5628464B98009CD057 /* UIColor+Extensions.swift */,
				86EEBE5828464CF7009CD057 /* UIView+Extensions.swift */,
				86EEBE5A28464E22009CD057 /* UIStackView+Extensions.swift */,
			);
			path = UIKit;
			sourceTree = "<group>";
		};
		86EEBE5328464A2A009CD057 /* Resourses */ = {
			isa = PBXGroup;
			children = (
				86EEBE5C28465ABF009CD057 /* Font */,
				86EEBE42284633C6009CD057 /* Assets.xcassets */,
				86EEBE44284633C6009CD057 /* LaunchScreen.storyboard */,
				86EEBE47284633C6009CD057 /* Info.plist */,
			);
			path = Resourses;
			sourceTree = "<group>";
		};
		86EEBE5C28465ABF009CD057 /* Font */ = {
			isa = PBXGroup;
			children = (
				86C1692F2850F27400A96058 /* Roboto-ThinItalic.ttf */,
				86C1692D2850F25B00A96058 /* Roboto-Thin.ttf */,
				86EEBE5E28465AF1009CD057 /* Roboto-Bold.ttf */,
				86EEBE5D28465AF1009CD057 /* Roboto-Medium.ttf */,
			);
			path = Font;
			sourceTree = "<group>";
		};
		86EEBE612846ACAC009CD057 /* MainVC */ = {
			isa = PBXGroup;
			children = (
				86EEBE662846C21E009CD057 /* Cells */,
				86EEBE622846ACBF009CD057 /* CalendarView.swift */,
				86C1691C284E650900A96058 /* WeatherView.swift */,
				86C169292850E2FF00A96058 /* WorkOutTableView.swift */,
			);
			path = MainVC;
			sourceTree = "<group>";
		};
		86EEBE662846C21E009CD057 /* Cells */ = {
			isa = PBXGroup;
			children = (
				86EEBE642846C213009CD057 /* CalendarCollectionViewCell.swift */,
				86C1692B2850F05A00A96058 /* WorkoutTableViewCell.swift */,
			);
			path = Cells;
			sourceTree = "<group>";
		};
/* End PBXGroup section */

/* Begin PBXNativeTarget section */
		86EEBE35284633C5009CD057 /* fitnessApp */ = {
			isa = PBXNativeTarget;
			buildConfigurationList = 86EEBE4A284633C6009CD057 /* Build configuration list for PBXNativeTarget "fitnessApp" */;
			buildPhases = (
				86EEBE32284633C5009CD057 /* Sources */,
				86EEBE33284633C5009CD057 /* Frameworks */,
				86EEBE34284633C5009CD057 /* Resources */,
			);
			buildRules = (
			);
			dependencies = (
			);
			name = fitnessApp;
			productName = fitnessApp;
			productReference = 86EEBE36284633C5009CD057 /* fitnessApp.app */;
			productType = "com.apple.product-type.application";
		};
/* End PBXNativeTarget section */

/* Begin PBXProject section */
		86EEBE2E284633C5009CD057 /* Project object */ = {
			isa = PBXProject;
			attributes = {
				BuildIndependentTargetsInParallel = 1;
				LastSwiftUpdateCheck = 1340;
				LastUpgradeCheck = 1340;
				TargetAttributes = {
					86EEBE35284633C5009CD057 = {
						CreatedOnToolsVersion = 13.4;
					};
				};
			};
			buildConfigurationList = 86EEBE31284633C5009CD057 /* Build configuration list for PBXProject "fitnessApp" */;
			compatibilityVersion = "Xcode 13.0";
			developmentRegion = en;
			hasScannedForEncodings = 0;
			knownRegions = (
				en,
				Base,
			);
			mainGroup = 86EEBE2D284633C5009CD057;
			productRefGroup = 86EEBE37284633C5009CD057 /* Products */;
			projectDirPath = "";
			projectRoot = "";
			targets = (
				86EEBE35284633C5009CD057 /* fitnessApp */,
			);
		};
/* End PBXProject section */

/* Begin PBXResourcesBuildPhase section */
		86EEBE34284633C5009CD057 /* Resources */ = {
			isa = PBXResourcesBuildPhase;
			buildActionMask = 2147483647;
			files = (
				86C169302850F27400A96058 /* Roboto-ThinItalic.ttf in Resources */,
				86EEBE46284633C6009CD057 /* LaunchScreen.storyboard in Resources */,
				86EEBE43284633C6009CD057 /* Assets.xcassets in Resources */,
				86EEBE6028465AF1009CD057 /* Roboto-Bold.ttf in Resources */,
				86C1692E2850F25B00A96058 /* Roboto-Thin.ttf in Resources */,
				86EEBE5F28465AF1009CD057 /* Roboto-Medium.ttf in Resources */,
			);
			runOnlyForDeploymentPostprocessing = 0;
		};
/* End PBXResourcesBuildPhase section */

/* Begin PBXSourcesBuildPhase section */
		86EEBE32284633C5009CD057 /* Sources */ = {
			isa = PBXSourcesBuildPhase;
			buildActionMask = 2147483647;
			files = (
				86EEBE5928464CF7009CD057 /* UIView+Extensions.swift in Sources */,
				86EEBE3E284633C5009CD057 /* MainViewController.swift in Sources */,
				86EEBE632846ACBF009CD057 /* CalendarView.swift in Sources */,
				86EEBE5728464B98009CD057 /* UIColor+Extensions.swift in Sources */,
				86EEBE3A284633C5009CD057 /* AppDelegate.swift in Sources */,
				86C1691D284E650900A96058 /* WeatherView.swift in Sources */,
				86EEBE5B28464E22009CD057 /* UIStackView+Extensions.swift in Sources */,
				86C1692C2850F05A00A96058 /* WorkoutTableViewCell.swift in Sources */,
				86EEBE652846C213009CD057 /* CalendarCollectionViewCell.swift in Sources */,
				86EEBE5528464B28009CD057 /* UIFont+Extensions.swift in Sources */,
				86C1692A2850E2FF00A96058 /* WorkOutTableView.swift in Sources */,
				86EEBE3C284633C5009CD057 /* SceneDelegate.swift in Sources */,
			);
			runOnlyForDeploymentPostprocessing = 0;
		};
/* End PBXSourcesBuildPhase section */

/* Begin PBXVariantGroup section */
		86EEBE44284633C6009CD057 /* LaunchScreen.storyboard */ = {
			isa = PBXVariantGroup;
			children = (
				86EEBE45284633C6009CD057 /* Base */,
			);
			name = LaunchScreen.storyboard;
			sourceTree = "<group>";
		};
/* End PBXVariantGroup section */

/* Begin XCBuildConfiguration section */
		86EEBE48284633C6009CD057 /* Debug */ = {
			isa = XCBuildConfiguration;
			buildSettings = {
				ALWAYS_SEARCH_USER_PATHS = NO;
				CLANG_ANALYZER_NONNULL = YES;
				CLANG_ANALYZER_NUMBER_OBJECT_CONVERSION = YES_AGGRESSIVE;
				CLANG_CXX_LANGUAGE_STANDARD = "gnu++17";
				CLANG_ENABLE_MODULES = YES;
				CLANG_ENABLE_OBJC_ARC = YES;
				CLANG_ENABLE_OBJC_WEAK = YES;
				CLANG_WARN_BLOCK_CAPTURE_AUTORELEASING = YES;
				CLANG_WARN_BOOL_CONVERSION = YES;
				CLANG_WARN_COMMA = YES;
				CLANG_WARN_CONSTANT_CONVERSION = YES;
				CLANG_WARN_DEPRECATED_OBJC_IMPLEMENTATIONS = YES;
				CLANG_WARN_DIRECT_OBJC_ISA_USAGE = YES_ERROR;
				CLANG_WARN_DOCUMENTATION_COMMENTS = YES;
				CLANG_WARN_EMPTY_BODY = YES;
				CLANG_WARN_ENUM_CONVERSION = YES;
				CLANG_WARN_INFINITE_RECURSION = YES;
				CLANG_WARN_INT_CONVERSION = YES;
				CLANG_WARN_NON_LITERAL_NULL_CONVERSION = YES;
				CLANG_WARN_OBJC_IMPLICIT_RETAIN_SELF = YES;
				CLANG_WARN_OBJC_LITERAL_CONVERSION = YES;
				CLANG_WARN_OBJC_ROOT_CLASS = YES_ERROR;
				CLANG_WARN_QUOTED_INCLUDE_IN_FRAMEWORK_HEADER = YES;
				CLANG_WARN_RANGE_LOOP_ANALYSIS = YES;
				CLANG_WARN_STRICT_PROTOTYPES = YES;
				CLANG_WARN_SUSPICIOUS_MOVE = YES;
				CLANG_WARN_UNGUARDED_AVAILABILITY = YES_AGGRESSIVE;
				CLANG_WARN_UNREACHABLE_CODE = YES;
				CLANG_WARN__DUPLICATE_METHOD_MATCH = YES;
				COPY_PHASE_STRIP = NO;
				DEBUG_INFORMATION_FORMAT = dwarf;
				ENABLE_STRICT_OBJC_MSGSEND = YES;
				ENABLE_TESTABILITY = YES;
				GCC_C_LANGUAGE_STANDARD = gnu11;
				GCC_DYNAMIC_NO_PIC = NO;
				GCC_NO_COMMON_BLOCKS = YES;
				GCC_OPTIMIZATION_LEVEL = 0;
				GCC_PREPROCESSOR_DEFINITIONS = (
					"DEBUG=1",
					"$(inherited)",
				);
				GCC_WARN_64_TO_32_BIT_CONVERSION = YES;
				GCC_WARN_ABOUT_RETURN_TYPE = YES_ERROR;
				GCC_WARN_UNDECLARED_SELECTOR = YES;
				GCC_WARN_UNINITIALIZED_AUTOS = YES_AGGRESSIVE;
				GCC_WARN_UNUSED_FUNCTION = YES;
				GCC_WARN_UNUSED_VARIABLE = YES;
				IPHONEOS_DEPLOYMENT_TARGET = 15.5;
				MTL_ENABLE_DEBUG_INFO = INCLUDE_SOURCE;
				MTL_FAST_MATH = YES;
				ONLY_ACTIVE_ARCH = YES;
				SDKROOT = iphoneos;
				SWIFT_ACTIVE_COMPILATION_CONDITIONS = DEBUG;
				SWIFT_OPTIMIZATION_LEVEL = "-Onone";
			};
			name = Debug;
		};
		86EEBE49284633C6009CD057 /* Release */ = {
			isa = XCBuildConfiguration;
			buildSettings = {
				ALWAYS_SEARCH_USER_PATHS = NO;
				CLANG_ANALYZER_NONNULL = YES;
				CLANG_ANALYZER_NUMBER_OBJECT_CONVERSION = YES_AGGRESSIVE;
				CLANG_CXX_LANGUAGE_STANDARD = "gnu++17";
				CLANG_ENABLE_MODULES = YES;
				CLANG_ENABLE_OBJC_ARC = YES;
				CLANG_ENABLE_OBJC_WEAK = YES;
				CLANG_WARN_BLOCK_CAPTURE_AUTORELEASING = YES;
				CLANG_WARN_BOOL_CONVERSION = YES;
				CLANG_WARN_COMMA = YES;
				CLANG_WARN_CONSTANT_CONVERSION = YES;
				CLANG_WARN_DEPRECATED_OBJC_IMPLEMENTATIONS = YES;
				CLANG_WARN_DIRECT_OBJC_ISA_USAGE = YES_ERROR;
				CLANG_WARN_DOCUMENTATION_COMMENTS = YES;
				CLANG_WARN_EMPTY_BODY = YES;
				CLANG_WARN_ENUM_CONVERSION = YES;
				CLANG_WARN_INFINITE_RECURSION = YES;
				CLANG_WARN_INT_CONVERSION = YES;
				CLANG_WARN_NON_LITERAL_NULL_CONVERSION = YES;
				CLANG_WARN_OBJC_IMPLICIT_RETAIN_SELF = YES;
				CLANG_WARN_OBJC_LITERAL_CONVERSION = YES;
				CLANG_WARN_OBJC_ROOT_CLASS = YES_ERROR;
				CLANG_WARN_QUOTED_INCLUDE_IN_FRAMEWORK_HEADER = YES;
				CLANG_WARN_RANGE_LOOP_ANALYSIS = YES;
				CLANG_WARN_STRICT_PROTOTYPES = YES;
				CLANG_WARN_SUSPICIOUS_MOVE = YES;
				CLANG_WARN_UNGUARDED_AVAILABILITY = YES_AGGRESSIVE;
				CLANG_WARN_UNREACHABLE_CODE = YES;
				CLANG_WARN__DUPLICATE_METHOD_MATCH = YES;
				COPY_PHASE_STRIP = NO;
				DEBUG_INFORMATION_FORMAT = "dwarf-with-dsym";
				ENABLE_NS_ASSERTIONS = NO;
				ENABLE_STRICT_OBJC_MSGSEND = YES;
				GCC_C_LANGUAGE_STANDARD = gnu11;
				GCC_NO_COMMON_BLOCKS = YES;
				GCC_WARN_64_TO_32_BIT_CONVERSION = YES;
				GCC_WARN_ABOUT_RETURN_TYPE = YES_ERROR;
				GCC_WARN_UNDECLARED_SELECTOR = YES;
				GCC_WARN_UNINITIALIZED_AUTOS = YES_AGGRESSIVE;
				GCC_WARN_UNUSED_FUNCTION = YES;
				GCC_WARN_UNUSED_VARIABLE = YES;
				IPHONEOS_DEPLOYMENT_TARGET = 15.5;
				MTL_ENABLE_DEBUG_INFO = NO;
				MTL_FAST_MATH = YES;
				SDKROOT = iphoneos;
				SWIFT_COMPILATION_MODE = wholemodule;
				SWIFT_OPTIMIZATION_LEVEL = "-O";
				VALIDATE_PRODUCT = YES;
			};
			name = Release;
		};
		86EEBE4B284633C6009CD057 /* Debug */ = {
			isa = XCBuildConfiguration;
			buildSettings = {
				ASSETCATALOG_COMPILER_APPICON_NAME = AppIcon;
				ASSETCATALOG_COMPILER_GLOBAL_ACCENT_COLOR_NAME = AccentColor;
				CODE_SIGN_STYLE = Automatic;
				CURRENT_PROJECT_VERSION = 1;
				DEVELOPMENT_TEAM = 4WQFD456R9;
				GENERATE_INFOPLIST_FILE = YES;
				INFOPLIST_FILE = fitnessApp/Resourses/Info.plist;
				INFOPLIST_KEY_UIApplicationSupportsIndirectInputEvents = YES;
				INFOPLIST_KEY_UILaunchStoryboardName = LaunchScreen;
				INFOPLIST_KEY_UISupportedInterfaceOrientations = UIInterfaceOrientationPortrait;
				INFOPLIST_KEY_UISupportedInterfaceOrientations_iPad = "UIInterfaceOrientationPortrait UIInterfaceOrientationPortraitUpsideDown UIInterfaceOrientationLandscapeLeft UIInterfaceOrientationLandscapeRight";
				INFOPLIST_KEY_UISupportedInterfaceOrientations_iPhone = "UIInterfaceOrientationPortrait UIInterfaceOrientationLandscapeLeft UIInterfaceOrientationLandscapeRight";
				IPHONEOS_DEPLOYMENT_TARGET = 13.0;
				LD_RUNPATH_SEARCH_PATHS = (
					"$(inherited)",
					"@executable_path/Frameworks",
				);
				MARKETING_VERSION = 1.0;
				PRODUCT_BUNDLE_IDENTIFIER = IliaByHimself.fitnessApp;
				PRODUCT_NAME = "$(TARGET_NAME)";
				SWIFT_EMIT_LOC_STRINGS = YES;
				SWIFT_VERSION = 5.0;
				TARGETED_DEVICE_FAMILY = 1;
			};
			name = Debug;
		};
		86EEBE4C284633C6009CD057 /* Release */ = {
			isa = XCBuildConfiguration;
			buildSettings = {
				ASSETCATALOG_COMPILER_APPICON_NAME = AppIcon;
				ASSETCATALOG_COMPILER_GLOBAL_ACCENT_COLOR_NAME = AccentColor;
				CODE_SIGN_STYLE = Automatic;
				CURRENT_PROJECT_VERSION = 1;
				DEVELOPMENT_TEAM = 4WQFD456R9;
				GENERATE_INFOPLIST_FILE = YES;
				INFOPLIST_FILE = fitnessApp/Resourses/Info.plist;
				INFOPLIST_KEY_UIApplicationSupportsIndirectInputEvents = YES;
				INFOPLIST_KEY_UILaunchStoryboardName = LaunchScreen;
				INFOPLIST_KEY_UISupportedInterfaceOrientations = UIInterfaceOrientationPortrait;
				INFOPLIST_KEY_UISupportedInterfaceOrientations_iPad = "UIInterfaceOrientationPortrait UIInterfaceOrientationPortraitUpsideDown UIInterfaceOrientationLandscapeLeft UIInterfaceOrientationLandscapeRight";
				INFOPLIST_KEY_UISupportedInterfaceOrientations_iPhone = "UIInterfaceOrientationPortrait UIInterfaceOrientationLandscapeLeft UIInterfaceOrientationLandscapeRight";
				IPHONEOS_DEPLOYMENT_TARGET = 13.0;
				LD_RUNPATH_SEARCH_PATHS = (
					"$(inherited)",
					"@executable_path/Frameworks",
				);
				MARKETING_VERSION = 1.0;
				PRODUCT_BUNDLE_IDENTIFIER = IliaByHimself.fitnessApp;
				PRODUCT_NAME = "$(TARGET_NAME)";
				SWIFT_EMIT_LOC_STRINGS = YES;
				SWIFT_VERSION = 5.0;
				TARGETED_DEVICE_FAMILY = 1;
			};
			name = Release;
		};
/* End XCBuildConfiguration section */

/* Begin XCConfigurationList section */
		86EEBE31284633C5009CD057 /* Build configuration list for PBXProject "fitnessApp" */ = {
			isa = XCConfigurationList;
			buildConfigurations = (
				86EEBE48284633C6009CD057 /* Debug */,
				86EEBE49284633C6009CD057 /* Release */,
			);
			defaultConfigurationIsVisible = 0;
			defaultConfigurationName = Release;
		};
		86EEBE4A284633C6009CD057 /* Build configuration list for PBXNativeTarget "fitnessApp" */ = {
			isa = XCConfigurationList;
			buildConfigurations = (
				86EEBE4B284633C6009CD057 /* Debug */,
				86EEBE4C284633C6009CD057 /* Release */,
			);
			defaultConfigurationIsVisible = 0;
			defaultConfigurationName = Release;
		};
/* End XCConfigurationList section */
	};
	rootObject = 86EEBE2E284633C5009CD057 /* Project object */;
}
